
Microsoft Visual Studio Solution File, Format Version 11.00
# Visual Studio 2010
Project("{8BC9CEB8-8B4A-11D0-8D11-00A0C91BC942}") = "NicksRays", "NicksRays.vcxproj", "{1DF5761F-6DE3-41AD-AD46-FAE8C394ED1E}"
EndProject
Global
	GlobalSection(SolutionConfigurationPlatforms) = preSolution
		Debug|Win32 = Debug|Win32
		Release|Win32 = Release|Win32
	EndGlobalSection
	GlobalSection(ProjectConfigurationPlatforms) = postSolution
		{1DF5761F-6DE3-41AD-AD46-FAE8C394ED1E}.Debug|Win32.ActiveCfg = Debug|Win32
		{1DF5761F-6DE3-41AD-AD46-FAE8C394ED1E}.Debug|Win32.Build.0 = Debug|Win32
		{1DF5761F-6DE3-41AD-AD46-FAE8C394ED1E}.Release|Win32.ActiveCfg = Release|Win32
		{1DF5761F-6DE3-41AD-AD46-FAE8C394ED1E}.Release|Win32.Build.0 = Release|Win32
	EndGlobalSection
	GlobalSection(SolutionProperties) = preSolution
		HideSolutionNode = FALSE
	EndGlobalSection
	GlobalSection(ExtensibilityGlobals) = postSolution
		AMDCaPersistentConfig = Release|Win32
		AMDCaPersistentStartup = NicksRays
		AMDCaProjectFile = C:\Game Theory\NicksRays\root\projects\CodeAnalyst\NicksRays.caw
	EndGlobalSection
EndGlobal
